// !$*UTF8*$!
{
	archiveVersion = 1;
	classes = {
	};
	objectVersion = 55;
	objects = {

/* Begin PBXBuildFile section */
		7C32C6EB28918009009CBF5E /* HomeView.swift in Sources */ = {isa = PBXBuildFile; fileRef = 7C32C6EA28918009009CBF5E /* HomeView.swift */; };
		7C32C6ED28918374009CBF5E /* CircularProgressView.swift in Sources */ = {isa = PBXBuildFile; fileRef = 7C32C6EC28918374009CBF5E /* CircularProgressView.swift */; };
		7C32C6EF28918A11009CBF5E /* DateViewModel.swift in Sources */ = {isa = PBXBuildFile; fileRef = 7C32C6EE28918A11009CBF5E /* DateViewModel.swift */; };
		7C32C6F12891AB9D009CBF5E /* GoalModel.swift in Sources */ = {isa = PBXBuildFile; fileRef = 7C32C6F02891AB9D009CBF5E /* GoalModel.swift */; };
		7C5251082893B47800DB57AB /* GoalEntity+CoreDataClass.swift in Sources */ = {isa = PBXBuildFile; fileRef = 7C5251062893B47800DB57AB /* GoalEntity+CoreDataClass.swift */; };
		7C5251092893B47800DB57AB /* GoalEntity+CoreDataProperties.swift in Sources */ = {isa = PBXBuildFile; fileRef = 7C5251072893B47800DB57AB /* GoalEntity+CoreDataProperties.swift */; };
		7C52510F2893B7F900DB57AB /* AddGoalViewModel.swift in Sources */ = {isa = PBXBuildFile; fileRef = 7C52510E2893B7F900DB57AB /* AddGoalViewModel.swift */; };
		7C5251112893BA7400DB57AB /* Goal.swift in Sources */ = {isa = PBXBuildFile; fileRef = 7C5251102893BA7400DB57AB /* Goal.swift */; };
		7CC7B2CA28926B0A00BEAF69 /* CardGoal.swift in Sources */ = {isa = PBXBuildFile; fileRef = 7CC7B2C928926B0A00BEAF69 /* CardGoal.swift */; };
		7CC7B2CC28926B3300BEAF69 /* SessionList.swift in Sources */ = {isa = PBXBuildFile; fileRef = 7CC7B2CB28926B3300BEAF69 /* SessionList.swift */; };
		7CC7B2CE28926B7400BEAF69 /* AddGoal.swift in Sources */ = {isa = PBXBuildFile; fileRef = 7CC7B2CD28926B7400BEAF69 /* AddGoal.swift */; };
		7CC7B2D02892765100BEAF69 /* GoalDetailView.swift in Sources */ = {isa = PBXBuildFile; fileRef = 7CC7B2CF2892765100BEAF69 /* GoalDetailView.swift */; };
		7CC7B2D22892820C00BEAF69 /* LearnTimeView.swift in Sources */ = {isa = PBXBuildFile; fileRef = 7CC7B2D12892820C00BEAF69 /* LearnTimeView.swift */; };
		7CC7B2D42892922E00BEAF69 /* PracticeView.swift in Sources */ = {isa = PBXBuildFile; fileRef = 7CC7B2D32892922E00BEAF69 /* PracticeView.swift */; };
		7CC7B2D628929DC500BEAF69 /* NoteView.swift in Sources */ = {isa = PBXBuildFile; fileRef = 7CC7B2D528929DC500BEAF69 /* NoteView.swift */; };
		7CC7B2D928929F7400BEAF69 /* ResultLearnView.swift in Sources */ = {isa = PBXBuildFile; fileRef = 7CC7B2D828929F7400BEAF69 /* ResultLearnView.swift */; };
		7CE5D94F2890228200688C20 /* GofivApp.swift in Sources */ = {isa = PBXBuildFile; fileRef = 7CE5D94E2890228200688C20 /* GofivApp.swift */; };
		7CE5D9512890228200688C20 /* ContentView.swift in Sources */ = {isa = PBXBuildFile; fileRef = 7CE5D9502890228200688C20 /* ContentView.swift */; };
		7CE5D9532890228400688C20 /* Assets.xcassets in Resources */ = {isa = PBXBuildFile; fileRef = 7CE5D9522890228400688C20 /* Assets.xcassets */; };
		7CE5D9562890228400688C20 /* Preview Assets.xcassets in Resources */ = {isa = PBXBuildFile; fileRef = 7CE5D9552890228400688C20 /* Preview Assets.xcassets */; };
		7CE5D9582890228400688C20 /* PersistenceController.swift in Sources */ = {isa = PBXBuildFile; fileRef = 7CE5D9572890228400688C20 /* PersistenceController.swift */; };
		7CE5D95B2890228400688C20 /* Gofiv.xcdatamodeld in Sources */ = {isa = PBXBuildFile; fileRef = 7CE5D9592890228400688C20 /* Gofiv.xcdatamodeld */; };
		7CE5D9622890276800688C20 /* LoginView.swift in Sources */ = {isa = PBXBuildFile; fileRef = 7CE5D9612890276800688C20 /* LoginView.swift */; };
		7CE5D9642890296300688C20 /* Helper.swift in Sources */ = {isa = PBXBuildFile; fileRef = 7CE5D9632890296300688C20 /* Helper.swift */; };
		7CE5D96728903AD700688C20 /* FirebaseAuth in Frameworks */ = {isa = PBXBuildFile; productRef = 7CE5D96628903AD700688C20 /* FirebaseAuth */; };
		7CE5D96A28903B3300688C20 /* GoogleService-Info.plist in Resources */ = {isa = PBXBuildFile; fileRef = 7CE5D96928903B3300688C20 /* GoogleService-Info.plist */; };
		7CE5D96C28903D7C00688C20 /* AuthenticationViewModel.swift in Sources */ = {isa = PBXBuildFile; fileRef = 7CE5D96B28903D7C00688C20 /* AuthenticationViewModel.swift */; };
		7CE5D96F2890539A00688C20 /* GoogleSignInSwift in Frameworks */ = {isa = PBXBuildFile; productRef = 7CE5D96E2890539A00688C20 /* GoogleSignInSwift */; };
		7CE5D9712890588100688C20 /* GoogleSignInButton.swift in Sources */ = {isa = PBXBuildFile; fileRef = 7CE5D9702890588100688C20 /* GoogleSignInButton.swift */; };
		7CE5D97428905AF500688C20 /* SignInWithApple.swift in Sources */ = {isa = PBXBuildFile; fileRef = 7CE5D97328905AF500688C20 /* SignInWithApple.swift */; };
		7CFF865F2892D51900322CAD /* LearnView.swift in Sources */ = {isa = PBXBuildFile; fileRef = 7CFF865E2892D51900322CAD /* LearnView.swift */; };
		7CFF86612892F6BC00322CAD /* PickView.swift in Sources */ = {isa = PBXBuildFile; fileRef = 7CFF86602892F6BC00322CAD /* PickView.swift */; };
/* End PBXBuildFile section */

/* Begin PBXFileReference section */
		7C32C6EA28918009009CBF5E /* HomeView.swift */ = {isa = PBXFileReference; lastKnownFileType = sourcecode.swift; path = HomeView.swift; sourceTree = "<group>"; };
		7C32C6EC28918374009CBF5E /* CircularProgressView.swift */ = {isa = PBXFileReference; lastKnownFileType = sourcecode.swift; path = CircularProgressView.swift; sourceTree = "<group>"; };
		7C32C6EE28918A11009CBF5E /* DateViewModel.swift */ = {isa = PBXFileReference; lastKnownFileType = sourcecode.swift; path = DateViewModel.swift; sourceTree = "<group>"; };
		7C32C6F02891AB9D009CBF5E /* GoalModel.swift */ = {isa = PBXFileReference; lastKnownFileType = sourcecode.swift; path = GoalModel.swift; sourceTree = "<group>"; };
		7C5251062893B47800DB57AB /* GoalEntity+CoreDataClass.swift */ = {isa = PBXFileReference; lastKnownFileType = sourcecode.swift; path = "GoalEntity+CoreDataClass.swift"; sourceTree = SOURCE_ROOT; };
		7C5251072893B47800DB57AB /* GoalEntity+CoreDataProperties.swift */ = {isa = PBXFileReference; lastKnownFileType = sourcecode.swift; path = "GoalEntity+CoreDataProperties.swift"; sourceTree = SOURCE_ROOT; };
		7C52510E2893B7F900DB57AB /* AddGoalViewModel.swift */ = {isa = PBXFileReference; lastKnownFileType = sourcecode.swift; path = AddGoalViewModel.swift; sourceTree = "<group>"; };
		7C5251102893BA7400DB57AB /* Goal.swift */ = {isa = PBXFileReference; lastKnownFileType = sourcecode.swift; path = Goal.swift; sourceTree = "<group>"; };
		7CC7B2C928926B0A00BEAF69 /* CardGoal.swift */ = {isa = PBXFileReference; lastKnownFileType = sourcecode.swift; path = CardGoal.swift; sourceTree = "<group>"; };
		7CC7B2CB28926B3300BEAF69 /* SessionList.swift */ = {isa = PBXFileReference; lastKnownFileType = sourcecode.swift; path = SessionList.swift; sourceTree = "<group>"; };
		7CC7B2CD28926B7400BEAF69 /* AddGoal.swift */ = {isa = PBXFileReference; lastKnownFileType = sourcecode.swift; path = AddGoal.swift; sourceTree = "<group>"; };
		7CC7B2CF2892765100BEAF69 /* GoalDetailView.swift */ = {isa = PBXFileReference; lastKnownFileType = sourcecode.swift; path = GoalDetailView.swift; sourceTree = "<group>"; };
		7CC7B2D12892820C00BEAF69 /* LearnTimeView.swift */ = {isa = PBXFileReference; lastKnownFileType = sourcecode.swift; path = LearnTimeView.swift; sourceTree = "<group>"; };
		7CC7B2D32892922E00BEAF69 /* PracticeView.swift */ = {isa = PBXFileReference; lastKnownFileType = sourcecode.swift; path = PracticeView.swift; sourceTree = "<group>"; };
		7CC7B2D528929DC500BEAF69 /* NoteView.swift */ = {isa = PBXFileReference; lastKnownFileType = sourcecode.swift; path = NoteView.swift; sourceTree = "<group>"; };
		7CC7B2D828929F7400BEAF69 /* ResultLearnView.swift */ = {isa = PBXFileReference; lastKnownFileType = sourcecode.swift; path = ResultLearnView.swift; sourceTree = "<group>"; };
		7CE5D94B2890228200688C20 /* Gofiv.app */ = {isa = PBXFileReference; explicitFileType = wrapper.application; includeInIndex = 0; path = Gofiv.app; sourceTree = BUILT_PRODUCTS_DIR; };
		7CE5D94E2890228200688C20 /* GofivApp.swift */ = {isa = PBXFileReference; lastKnownFileType = sourcecode.swift; path = GofivApp.swift; sourceTree = "<group>"; };
		7CE5D9502890228200688C20 /* ContentView.swift */ = {isa = PBXFileReference; lastKnownFileType = sourcecode.swift; path = ContentView.swift; sourceTree = "<group>"; };
		7CE5D9522890228400688C20 /* Assets.xcassets */ = {isa = PBXFileReference; lastKnownFileType = folder.assetcatalog; path = Assets.xcassets; sourceTree = "<group>"; };
		7CE5D9552890228400688C20 /* Preview Assets.xcassets */ = {isa = PBXFileReference; lastKnownFileType = folder.assetcatalog; path = "Preview Assets.xcassets"; sourceTree = "<group>"; };
		7CE5D9572890228400688C20 /* PersistenceController.swift */ = {isa = PBXFileReference; lastKnownFileType = sourcecode.swift; path = PersistenceController.swift; sourceTree = "<group>"; };
		7CE5D95A2890228400688C20 /* Gofiv.xcdatamodel */ = {isa = PBXFileReference; lastKnownFileType = wrapper.xcdatamodel; path = Gofiv.xcdatamodel; sourceTree = "<group>"; };
		7CE5D9612890276800688C20 /* LoginView.swift */ = {isa = PBXFileReference; lastKnownFileType = sourcecode.swift; path = LoginView.swift; sourceTree = "<group>"; };
		7CE5D9632890296300688C20 /* Helper.swift */ = {isa = PBXFileReference; lastKnownFileType = sourcecode.swift; path = Helper.swift; sourceTree = "<group>"; };
		7CE5D96828903B1B00688C20 /* Info.plist */ = {isa = PBXFileReference; lastKnownFileType = text.plist.xml; path = Info.plist; sourceTree = "<group>"; };
		7CE5D96928903B3300688C20 /* GoogleService-Info.plist */ = {isa = PBXFileReference; fileEncoding = 4; lastKnownFileType = text.plist.xml; path = "GoogleService-Info.plist"; sourceTree = "<group>"; };
		7CE5D96B28903D7C00688C20 /* AuthenticationViewModel.swift */ = {isa = PBXFileReference; lastKnownFileType = sourcecode.swift; path = AuthenticationViewModel.swift; sourceTree = "<group>"; };
		7CE5D9702890588100688C20 /* GoogleSignInButton.swift */ = {isa = PBXFileReference; lastKnownFileType = sourcecode.swift; path = GoogleSignInButton.swift; sourceTree = "<group>"; };
		7CE5D97328905AF500688C20 /* SignInWithApple.swift */ = {isa = PBXFileReference; lastKnownFileType = sourcecode.swift; path = SignInWithApple.swift; sourceTree = "<group>"; };
		7CFF865E2892D51900322CAD /* LearnView.swift */ = {isa = PBXFileReference; lastKnownFileType = sourcecode.swift; path = LearnView.swift; sourceTree = "<group>"; };
		7CFF86602892F6BC00322CAD /* PickView.swift */ = {isa = PBXFileReference; lastKnownFileType = sourcecode.swift; path = PickView.swift; sourceTree = "<group>"; };
/* End PBXFileReference section */

/* Begin PBXFrameworksBuildPhase section */
		7CE5D9482890228200688C20 /* Frameworks */ = {
			isa = PBXFrameworksBuildPhase;
			buildActionMask = 2147483647;
			files = (
				7CE5D96728903AD700688C20 /* FirebaseAuth in Frameworks */,
				7CE5D96F2890539A00688C20 /* GoogleSignInSwift in Frameworks */,
			);
			runOnlyForDeploymentPostprocessing = 0;
		};
/* End PBXFrameworksBuildPhase section */

/* Begin PBXGroup section */
		7C5251122893BA7A00DB57AB /* Model */ = {
			isa = PBXGroup;
			children = (
				7C5251102893BA7400DB57AB /* Goal.swift */,
			);
			path = Model;
			sourceTree = "<group>";
		};
		7CC7B2D728929F6400BEAF69 /* Learn */ = {
			isa = PBXGroup;
			children = (
				7CFF865E2892D51900322CAD /* LearnView.swift */,
				7CC7B2D12892820C00BEAF69 /* LearnTimeView.swift */,
				7CC7B2D32892922E00BEAF69 /* PracticeView.swift */,
				7CC7B2D528929DC500BEAF69 /* NoteView.swift */,
				7CC7B2D828929F7400BEAF69 /* ResultLearnView.swift */,
			);
			path = Learn;
			sourceTree = "<group>";
		};
		7CE5D9422890228200688C20 = {
			isa = PBXGroup;
			children = (
				7CE5D94D2890228200688C20 /* Gofiv */,
				7CE5D94C2890228200688C20 /* Products */,
			);
			sourceTree = "<group>";
		};
		7CE5D94C2890228200688C20 /* Products */ = {
			isa = PBXGroup;
			children = (
				7CE5D94B2890228200688C20 /* Gofiv.app */,
			);
			name = Products;
			sourceTree = "<group>";
		};
		7CE5D94D2890228200688C20 /* Gofiv */ = {
			isa = PBXGroup;
			children = (
				7CE5D97A2890639300688C20 /* Source */,
				7CE5D9782890630C00688C20 /* Resources */,
				7CE5D9542890228400688C20 /* Preview Content */,
			);
			path = Gofiv;
			sourceTree = "<group>";
		};
		7CE5D9542890228400688C20 /* Preview Content */ = {
			isa = PBXGroup;
			children = (
				7CE5D9552890228400688C20 /* Preview Assets.xcassets */,
			);
			path = "Preview Content";
			sourceTree = "<group>";
		};
		7CE5D97228905AD000688C20 /* Utills */ = {
			isa = PBXGroup;
			children = (
				7CE5D9632890296300688C20 /* Helper.swift */,
				7CE5D9702890588100688C20 /* GoogleSignInButton.swift */,
				7CE5D97328905AF500688C20 /* SignInWithApple.swift */,
				7C32C6EC28918374009CBF5E /* CircularProgressView.swift */,
			);
			path = Utills;
			sourceTree = "<group>";
		};
		7CE5D975289062C200688C20 /* Views */ = {
			isa = PBXGroup;
			children = (
				7CE5D9502890228200688C20 /* ContentView.swift */,
				7CE5D9612890276800688C20 /* LoginView.swift */,
				7C32C6EA28918009009CBF5E /* HomeView.swift */,
				7CC7B2CF2892765100BEAF69 /* GoalDetailView.swift */,
				7CFF865D2892CD0000322CAD /* View */,
				7CC7B2CD28926B7400BEAF69 /* AddGoal.swift */,
				7CC7B2D728929F6400BEAF69 /* Learn */,
			);
			path = Views;
			sourceTree = "<group>";
		};
		7CE5D976289062CF00688C20 /* ViewModels */ = {
			isa = PBXGroup;
			children = (
				7CE5D96B28903D7C00688C20 /* AuthenticationViewModel.swift */,
				7C32C6EE28918A11009CBF5E /* DateViewModel.swift */,
				7C52510E2893B7F900DB57AB /* AddGoalViewModel.swift */,
			);
			path = ViewModels;
			sourceTree = "<group>";
		};
		7CE5D977289062EB00688C20 /* App */ = {
			isa = PBXGroup;
			children = (
				7CE5D94E2890228200688C20 /* GofivApp.swift */,
			);
			path = App;
			sourceTree = "<group>";
		};
		7CE5D9782890630C00688C20 /* Resources */ = {
			isa = PBXGroup;
			children = (
				7CE5D96828903B1B00688C20 /* Info.plist */,
				7CE5D96928903B3300688C20 /* GoogleService-Info.plist */,
				7CE5D9522890228400688C20 /* Assets.xcassets */,
				7CE5D9592890228400688C20 /* Gofiv.xcdatamodeld */,
			);
			path = Resources;
			sourceTree = "<group>";
		};
		7CE5D9792890637500688C20 /* CoreData */ = {
			isa = PBXGroup;
			children = (
				7C5251062893B47800DB57AB /* GoalEntity+CoreDataClass.swift */,
				7C5251072893B47800DB57AB /* GoalEntity+CoreDataProperties.swift */,
				7CE5D9572890228400688C20 /* PersistenceController.swift */,
			);
			path = CoreData;
			sourceTree = "<group>";
		};
		7CE5D97A2890639300688C20 /* Source */ = {
			isa = PBXGroup;
			children = (
				7CE5D976289062CF00688C20 /* ViewModels */,
				7CE5D977289062EB00688C20 /* App */,
				7CE5D975289062C200688C20 /* Views */,
				7C5251122893BA7A00DB57AB /* Model */,
				7CE5D9792890637500688C20 /* CoreData */,
				7CE5D97228905AD000688C20 /* Utills */,
				7C32C6F02891AB9D009CBF5E /* GoalModel.swift */,
			);
			path = Source;
			sourceTree = "<group>";
		};
		7CFF865D2892CD0000322CAD /* View */ = {
			isa = PBXGroup;
			children = (
				7CC7B2C928926B0A00BEAF69 /* CardGoal.swift */,
				7CC7B2CB28926B3300BEAF69 /* SessionList.swift */,
				7CFF86602892F6BC00322CAD /* PickView.swift */,
			);
			path = View;
			sourceTree = "<group>";
		};
/* End PBXGroup section */

/* Begin PBXNativeTarget section */
		7CE5D94A2890228200688C20 /* Gofiv */ = {
			isa = PBXNativeTarget;
			buildConfigurationList = 7CE5D95E2890228400688C20 /* Build configuration list for PBXNativeTarget "Gofiv" */;
			buildPhases = (
				7CE5D9472890228200688C20 /* Sources */,
				7CE5D9482890228200688C20 /* Frameworks */,
				7CE5D9492890228200688C20 /* Resources */,
			);
			buildRules = (
			);
			dependencies = (
			);
			name = Gofiv;
			packageProductDependencies = (
				7CE5D96628903AD700688C20 /* FirebaseAuth */,
				7CE5D96E2890539A00688C20 /* GoogleSignInSwift */,
			);
			productName = Gofiv;
			productReference = 7CE5D94B2890228200688C20 /* Gofiv.app */;
			productType = "com.apple.product-type.application";
		};
/* End PBXNativeTarget section */

/* Begin PBXProject section */
		7CE5D9432890228200688C20 /* Project object */ = {
			isa = PBXProject;
			attributes = {
				BuildIndependentTargetsInParallel = 1;
				LastSwiftUpdateCheck = 1340;
				LastUpgradeCheck = 1340;
				TargetAttributes = {
					7CE5D94A2890228200688C20 = {
						CreatedOnToolsVersion = 13.4.1;
					};
				};
			};
			buildConfigurationList = 7CE5D9462890228200688C20 /* Build configuration list for PBXProject "Gofiv" */;
			compatibilityVersion = "Xcode 13.0";
			developmentRegion = en;
			hasScannedForEncodings = 0;
			knownRegions = (
				en,
				Base,
			);
			mainGroup = 7CE5D9422890228200688C20;
			packageReferences = (
				7CE5D96528903AD700688C20 /* XCRemoteSwiftPackageReference "firebase-ios-sdk" */,
				7CE5D96D2890539A00688C20 /* XCRemoteSwiftPackageReference "GoogleSignIn-iOS" */,
			);
			productRefGroup = 7CE5D94C2890228200688C20 /* Products */;
			projectDirPath = "";
			projectRoot = "";
			targets = (
				7CE5D94A2890228200688C20 /* Gofiv */,
			);
		};
/* End PBXProject section */

/* Begin PBXResourcesBuildPhase section */
		7CE5D9492890228200688C20 /* Resources */ = {
			isa = PBXResourcesBuildPhase;
			buildActionMask = 2147483647;
			files = (
				7CE5D96A28903B3300688C20 /* GoogleService-Info.plist in Resources */,
				7CE5D9562890228400688C20 /* Preview Assets.xcassets in Resources */,
				7CE5D9532890228400688C20 /* Assets.xcassets in Resources */,
			);
			runOnlyForDeploymentPostprocessing = 0;
		};
/* End PBXResourcesBuildPhase section */

/* Begin PBXSourcesBuildPhase section */
		7CE5D9472890228200688C20 /* Sources */ = {
			isa = PBXSourcesBuildPhase;
			buildActionMask = 2147483647;
			files = (
				7C32C6EF28918A11009CBF5E /* DateViewModel.swift in Sources */,
				7CE5D9582890228400688C20 /* PersistenceController.swift in Sources */,
				7CC7B2D22892820C00BEAF69 /* LearnTimeView.swift in Sources */,
				7CFF86612892F6BC00322CAD /* PickView.swift in Sources */,
				7CFF865F2892D51900322CAD /* LearnView.swift in Sources */,
				7CC7B2CA28926B0A00BEAF69 /* CardGoal.swift in Sources */,
				7CC7B2D928929F7400BEAF69 /* ResultLearnView.swift in Sources */,
				7C5251112893BA7400DB57AB /* Goal.swift in Sources */,
				7C32C6ED28918374009CBF5E /* CircularProgressView.swift in Sources */,
				7CC7B2CE28926B7400BEAF69 /* AddGoal.swift in Sources */,
				7CC7B2D628929DC500BEAF69 /* NoteView.swift in Sources */,
				7CE5D96C28903D7C00688C20 /* AuthenticationViewModel.swift in Sources */,
				7CE5D9712890588100688C20 /* GoogleSignInButton.swift in Sources */,
				7C32C6EB28918009009CBF5E /* HomeView.swift in Sources */,
				7CE5D9622890276800688C20 /* LoginView.swift in Sources */,
				7CE5D95B2890228400688C20 /* Gofiv.xcdatamodeld in Sources */,
				7C32C6F12891AB9D009CBF5E /* GoalModel.swift in Sources */,
				7C52510F2893B7F900DB57AB /* AddGoalViewModel.swift in Sources */,
				7C5251092893B47800DB57AB /* GoalEntity+CoreDataProperties.swift in Sources */,
				7CE5D9512890228200688C20 /* ContentView.swift in Sources */,
				7CC7B2CC28926B3300BEAF69 /* SessionList.swift in Sources */,
				7CE5D94F2890228200688C20 /* GofivApp.swift in Sources */,
				7CE5D97428905AF500688C20 /* SignInWithApple.swift in Sources */,
				7CE5D9642890296300688C20 /* Helper.swift in Sources */,
				7C5251082893B47800DB57AB /* GoalEntity+CoreDataClass.swift in Sources */,
				7CC7B2D42892922E00BEAF69 /* PracticeView.swift in Sources */,
				7CC7B2D02892765100BEAF69 /* GoalDetailView.swift in Sources */,
			);
			runOnlyForDeploymentPostprocessing = 0;
		};
/* End PBXSourcesBuildPhase section */

/* Begin XCBuildConfiguration section */
		7CE5D95C2890228400688C20 /* Debug */ = {
			isa = XCBuildConfiguration;
			buildSettings = {
				ALWAYS_SEARCH_USER_PATHS = NO;
				CLANG_ANALYZER_NONNULL = YES;
				CLANG_ANALYZER_NUMBER_OBJECT_CONVERSION = YES_AGGRESSIVE;
				CLANG_CXX_LANGUAGE_STANDARD = "gnu++17";
				CLANG_ENABLE_MODULES = YES;
				CLANG_ENABLE_OBJC_ARC = YES;
				CLANG_ENABLE_OBJC_WEAK = YES;
				CLANG_WARN_BLOCK_CAPTURE_AUTORELEASING = YES;
				CLANG_WARN_BOOL_CONVERSION = YES;
				CLANG_WARN_COMMA = YES;
				CLANG_WARN_CONSTANT_CONVERSION = YES;
				CLANG_WARN_DEPRECATED_OBJC_IMPLEMENTATIONS = YES;
				CLANG_WARN_DIRECT_OBJC_ISA_USAGE = YES_ERROR;
				CLANG_WARN_DOCUMENTATION_COMMENTS = YES;
				CLANG_WARN_EMPTY_BODY = YES;
				CLANG_WARN_ENUM_CONVERSION = YES;
				CLANG_WARN_INFINITE_RECURSION = YES;
				CLANG_WARN_INT_CONVERSION = YES;
				CLANG_WARN_NON_LITERAL_NULL_CONVERSION = YES;
				CLANG_WARN_OBJC_IMPLICIT_RETAIN_SELF = YES;
				CLANG_WARN_OBJC_LITERAL_CONVERSION = YES;
				CLANG_WARN_OBJC_ROOT_CLASS = YES_ERROR;
				CLANG_WARN_QUOTED_INCLUDE_IN_FRAMEWORK_HEADER = YES;
				CLANG_WARN_RANGE_LOOP_ANALYSIS = YES;
				CLANG_WARN_STRICT_PROTOTYPES = YES;
				CLANG_WARN_SUSPICIOUS_MOVE = YES;
				CLANG_WARN_UNGUARDED_AVAILABILITY = YES_AGGRESSIVE;
				CLANG_WARN_UNREACHABLE_CODE = YES;
				CLANG_WARN__DUPLICATE_METHOD_MATCH = YES;
				COPY_PHASE_STRIP = NO;
				DEBUG_INFORMATION_FORMAT = dwarf;
				ENABLE_STRICT_OBJC_MSGSEND = YES;
				ENABLE_TESTABILITY = YES;
				GCC_C_LANGUAGE_STANDARD = gnu11;
				GCC_DYNAMIC_NO_PIC = NO;
				GCC_NO_COMMON_BLOCKS = YES;
				GCC_OPTIMIZATION_LEVEL = 0;
				GCC_PREPROCESSOR_DEFINITIONS = (
					"DEBUG=1",
					"$(inherited)",
				);
				GCC_WARN_64_TO_32_BIT_CONVERSION = YES;
				GCC_WARN_ABOUT_RETURN_TYPE = YES_ERROR;
				GCC_WARN_UNDECLARED_SELECTOR = YES;
				GCC_WARN_UNINITIALIZED_AUTOS = YES_AGGRESSIVE;
				GCC_WARN_UNUSED_FUNCTION = YES;
				GCC_WARN_UNUSED_VARIABLE = YES;
				IPHONEOS_DEPLOYMENT_TARGET = 15.5;
				MTL_ENABLE_DEBUG_INFO = INCLUDE_SOURCE;
				MTL_FAST_MATH = YES;
				ONLY_ACTIVE_ARCH = YES;
				SDKROOT = iphoneos;
				SWIFT_ACTIVE_COMPILATION_CONDITIONS = DEBUG;
				SWIFT_OPTIMIZATION_LEVEL = "-Onone";
			};
			name = Debug;
		};
		7CE5D95D2890228400688C20 /* Release */ = {
			isa = XCBuildConfiguration;
			buildSettings = {
				ALWAYS_SEARCH_USER_PATHS = NO;
				CLANG_ANALYZER_NONNULL = YES;
				CLANG_ANALYZER_NUMBER_OBJECT_CONVERSION = YES_AGGRESSIVE;
				CLANG_CXX_LANGUAGE_STANDARD = "gnu++17";
				CLANG_ENABLE_MODULES = YES;
				CLANG_ENABLE_OBJC_ARC = YES;
				CLANG_ENABLE_OBJC_WEAK = YES;
				CLANG_WARN_BLOCK_CAPTURE_AUTORELEASING = YES;
				CLANG_WARN_BOOL_CONVERSION = YES;
				CLANG_WARN_COMMA = YES;
				CLANG_WARN_CONSTANT_CONVERSION = YES;
				CLANG_WARN_DEPRECATED_OBJC_IMPLEMENTATIONS = YES;
				CLANG_WARN_DIRECT_OBJC_ISA_USAGE = YES_ERROR;
				CLANG_WARN_DOCUMENTATION_COMMENTS = YES;
				CLANG_WARN_EMPTY_BODY = YES;
				CLANG_WARN_ENUM_CONVERSION = YES;
				CLANG_WARN_INFINITE_RECURSION = YES;
				CLANG_WARN_INT_CONVERSION = YES;
				CLANG_WARN_NON_LITERAL_NULL_CONVERSION = YES;
				CLANG_WARN_OBJC_IMPLICIT_RETAIN_SELF = YES;
				CLANG_WARN_OBJC_LITERAL_CONVERSION = YES;
				CLANG_WARN_OBJC_ROOT_CLASS = YES_ERROR;
				CLANG_WARN_QUOTED_INCLUDE_IN_FRAMEWORK_HEADER = YES;
				CLANG_WARN_RANGE_LOOP_ANALYSIS = YES;
				CLANG_WARN_STRICT_PROTOTYPES = YES;
				CLANG_WARN_SUSPICIOUS_MOVE = YES;
				CLANG_WARN_UNGUARDED_AVAILABILITY = YES_AGGRESSIVE;
				CLANG_WARN_UNREACHABLE_CODE = YES;
				CLANG_WARN__DUPLICATE_METHOD_MATCH = YES;
				COPY_PHASE_STRIP = NO;
				DEBUG_INFORMATION_FORMAT = "dwarf-with-dsym";
				ENABLE_NS_ASSERTIONS = NO;
				ENABLE_STRICT_OBJC_MSGSEND = YES;
				GCC_C_LANGUAGE_STANDARD = gnu11;
				GCC_NO_COMMON_BLOCKS = YES;
				GCC_WARN_64_TO_32_BIT_CONVERSION = YES;
				GCC_WARN_ABOUT_RETURN_TYPE = YES_ERROR;
				GCC_WARN_UNDECLARED_SELECTOR = YES;
				GCC_WARN_UNINITIALIZED_AUTOS = YES_AGGRESSIVE;
				GCC_WARN_UNUSED_FUNCTION = YES;
				GCC_WARN_UNUSED_VARIABLE = YES;
				IPHONEOS_DEPLOYMENT_TARGET = 15.5;
				MTL_ENABLE_DEBUG_INFO = NO;
				MTL_FAST_MATH = YES;
				SDKROOT = iphoneos;
				SWIFT_COMPILATION_MODE = wholemodule;
				SWIFT_OPTIMIZATION_LEVEL = "-O";
				VALIDATE_PRODUCT = YES;
			};
			name = Release;
		};
		7CE5D95F2890228400688C20 /* Debug */ = {
			isa = XCBuildConfiguration;
			buildSettings = {
				ASSETCATALOG_COMPILER_APPICON_NAME = AppIcon;
				ASSETCATALOG_COMPILER_GLOBAL_ACCENT_COLOR_NAME = AccentColor;
				CODE_SIGN_STYLE = Automatic;
				CURRENT_PROJECT_VERSION = 1;
				DEVELOPMENT_ASSET_PATHS = "\"Gofiv/Preview Content\"";
				DEVELOPMENT_TEAM = 9FTW8UD8K7;
				ENABLE_PREVIEWS = YES;
				GENERATE_INFOPLIST_FILE = YES;
				INFOPLIST_FILE = Gofiv/Resources/Info.plist;
				INFOPLIST_KEY_UIApplicationSceneManifest_Generation = YES;
				INFOPLIST_KEY_UIApplicationSupportsIndirectInputEvents = YES;
				INFOPLIST_KEY_UILaunchScreen_Generation = YES;
				INFOPLIST_KEY_UISupportedInterfaceOrientations_iPad = "UIInterfaceOrientationPortrait UIInterfaceOrientationPortraitUpsideDown UIInterfaceOrientationLandscapeLeft UIInterfaceOrientationLandscapeRight";
				INFOPLIST_KEY_UISupportedInterfaceOrientations_iPhone = "UIInterfaceOrientationPortrait UIInterfaceOrientationLandscapeLeft UIInterfaceOrientationLandscapeRight";
				LD_RUNPATH_SEARCH_PATHS = (
					"$(inherited)",
					"@executable_path/Frameworks",
				);
				MARKETING_VERSION = 1.0;
				PRODUCT_BUNDLE_IDENTIFIER = com.natanmanik.Gofiv;
				PRODUCT_NAME = "$(TARGET_NAME)";
				SWIFT_EMIT_LOC_STRINGS = YES;
				SWIFT_VERSION = 5.0;
				TARGETED_DEVICE_FAMILY = "1,2";
			};
			name = Debug;
		};
		7CE5D9602890228400688C20 /* Release */ = {
			isa = XCBuildConfiguration;
			buildSettings = {
				ASSETCATALOG_COMPILER_APPICON_NAME = AppIcon;
				ASSETCATALOG_COMPILER_GLOBAL_ACCENT_COLOR_NAME = AccentColor;
				CODE_SIGN_STYLE = Automatic;
				CURRENT_PROJECT_VERSION = 1;
				DEVELOPMENT_ASSET_PATHS = "\"Gofiv/Preview Content\"";
				DEVELOPMENT_TEAM = 9FTW8UD8K7;
				ENABLE_PREVIEWS = YES;
				GENERATE_INFOPLIST_FILE = YES;
				INFOPLIST_FILE = Gofiv/Resources/Info.plist;
				INFOPLIST_KEY_UIApplicationSceneManifest_Generation = YES;
				INFOPLIST_KEY_UIApplicationSupportsIndirectInputEvents = YES;
				INFOPLIST_KEY_UILaunchScreen_Generation = YES;
				INFOPLIST_KEY_UISupportedInterfaceOrientations_iPad = "UIInterfaceOrientationPortrait UIInterfaceOrientationPortraitUpsideDown UIInterfaceOrientationLandscapeLeft UIInterfaceOrientationLandscapeRight";
				INFOPLIST_KEY_UISupportedInterfaceOrientations_iPhone = "UIInterfaceOrientationPortrait UIInterfaceOrientationLandscapeLeft UIInterfaceOrientationLandscapeRight";
				LD_RUNPATH_SEARCH_PATHS = (
					"$(inherited)",
					"@executable_path/Frameworks",
				);
				MARKETING_VERSION = 1.0;
				PRODUCT_BUNDLE_IDENTIFIER = com.natanmanik.Gofiv;
				PRODUCT_NAME = "$(TARGET_NAME)";
				SWIFT_EMIT_LOC_STRINGS = YES;
				SWIFT_VERSION = 5.0;
				TARGETED_DEVICE_FAMILY = "1,2";
			};
			name = Release;
		};
/* End XCBuildConfiguration section */

/* Begin XCConfigurationList section */
		7CE5D9462890228200688C20 /* Build configuration list for PBXProject "Gofiv" */ = {
			isa = XCConfigurationList;
			buildConfigurations = (
				7CE5D95C2890228400688C20 /* Debug */,
				7CE5D95D2890228400688C20 /* Release */,
			);
			defaultConfigurationIsVisible = 0;
			defaultConfigurationName = Release;
		};
		7CE5D95E2890228400688C20 /* Build configuration list for PBXNativeTarget "Gofiv" */ = {
			isa = XCConfigurationList;
			buildConfigurations = (
				7CE5D95F2890228400688C20 /* Debug */,
				7CE5D9602890228400688C20 /* Release */,
			);
			defaultConfigurationIsVisible = 0;
			defaultConfigurationName = Release;
		};
/* End XCConfigurationList section */

/* Begin XCRemoteSwiftPackageReference section */
		7CE5D96528903AD700688C20 /* XCRemoteSwiftPackageReference "firebase-ios-sdk" */ = {
			isa = XCRemoteSwiftPackageReference;
			repositoryURL = "https://github.com/firebase/firebase-ios-sdk";
			requirement = {
				branch = master;
				kind = branch;
			};
		};
		7CE5D96D2890539A00688C20 /* XCRemoteSwiftPackageReference "GoogleSignIn-iOS" */ = {
			isa = XCRemoteSwiftPackageReference;
			repositoryURL = "https://github.com/google/GoogleSignIn-iOS";
			requirement = {
				kind = upToNextMajorVersion;
				minimumVersion = 6.0.0;
			};
		};
/* End XCRemoteSwiftPackageReference section */

/* Begin XCSwiftPackageProductDependency section */
		7CE5D96628903AD700688C20 /* FirebaseAuth */ = {
			isa = XCSwiftPackageProductDependency;
			package = 7CE5D96528903AD700688C20 /* XCRemoteSwiftPackageReference "firebase-ios-sdk" */;
			productName = FirebaseAuth;
		};
		7CE5D96E2890539A00688C20 /* GoogleSignInSwift */ = {
			isa = XCSwiftPackageProductDependency;
			package = 7CE5D96D2890539A00688C20 /* XCRemoteSwiftPackageReference "GoogleSignIn-iOS" */;
			productName = GoogleSignInSwift;
		};
/* End XCSwiftPackageProductDependency section */

/* Begin XCVersionGroup section */
		7CE5D9592890228400688C20 /* Gofiv.xcdatamodeld */ = {
			isa = XCVersionGroup;
			children = (
				7CE5D95A2890228400688C20 /* Gofiv.xcdatamodel */,
			);
			currentVersion = 7CE5D95A2890228400688C20 /* Gofiv.xcdatamodel */;
			path = Gofiv.xcdatamodeld;
			sourceTree = "<group>";
			versionGroupType = wrapper.xcdatamodel;
		};
/* End XCVersionGroup section */
	};
	rootObject = 7CE5D9432890228200688C20 /* Project object */;
}
